{
  "name": "tutozetta",
  "version": "1.0.0",
  "lockfileVersion": 1,
  "requires": true,
  "dependencies": {
    "abstract-leveldown": {
      "version": "2.6.3",
      "resolved": "https://registry.npmjs.org/abstract-leveldown/-/abstract-leveldown-2.6.3.tgz",
      "integrity": "sha512-2++wDf/DYqkPR3o5tbfdhF96EfMApo1GpPfzOsR/ZYXdkSmELlvOOEAl9iKkRsktMPHdGjO4rtkBpf2I7TiTeA==",
      "requires": {
        "xtend": "~4.0.0"
      }
    },
    "api-media-type": {
      "version": "0.1.0",
      "resolved": "https://registry.npmjs.org/api-media-type/-/api-media-type-0.1.0.tgz",
      "integrity": "sha1-aczs87lM0F4PqDRkbehoweHHVnM=",
      "requires": {
        "data-media-type": ">=0.1.0",
        "hypermedia-type": ">=0.2.0"
      }
    },
    "append-stream": {
      "version": "1.2.2",
      "resolved": "https://registry.npmjs.org/append-stream/-/append-stream-1.2.2.tgz",
      "integrity": "sha1-NsYjgTP/1PktQ3F4KJCkEtoC34Q="
    },
    "argo": {
      "version": "1.0.1",
      "resolved": "https://registry.npmjs.org/argo/-/argo-1.0.1.tgz",
      "integrity": "sha1-DUEBswxoVlMRKe/nZKlgjnalw/o=",
      "requires": {
        "methods": "~0.1.0",
        "pipeworks": "1.3.x"
      }
    },
    "argo-clf": {
      "version": "0.0.3",
      "resolved": "https://registry.npmjs.org/argo-clf/-/argo-clf-0.0.3.tgz",
      "integrity": "sha1-FPsd2icXObIF5xdum2FOJ7L4RQs=",
      "requires": {
        "moment": "~2.3.1"
      }
    },
    "argo-formatter": {
      "version": "0.0.0",
      "resolved": "https://registry.npmjs.org/argo-formatter/-/argo-formatter-0.0.0.tgz",
      "integrity": "sha1-DKllBZpvHlInGwh7qpmyc01gO94="
    },
    "argo-formatter-siren": {
      "version": "0.0.0",
      "resolved": "https://registry.npmjs.org/argo-formatter-siren/-/argo-formatter-siren-0.0.0.tgz",
      "integrity": "sha1-0XhmNAKfMVqDpFWbmopoMmVpbJg="
    },
    "argo-gzip": {
      "version": "0.2.1",
      "resolved": "https://registry.npmjs.org/argo-gzip/-/argo-gzip-0.2.1.tgz",
      "integrity": "sha1-3n8LHcsXxj3qNoTawN+JH9OG+ww=",
      "requires": {
        "argo": "0.4.9"
      },
      "dependencies": {
        "argo": {
          "version": "0.4.9",
          "resolved": "https://registry.npmjs.org/argo/-/argo-0.4.9.tgz",
          "integrity": "sha1-Kscyb0n4S2YnLFuS/fRHdtLMrSc=",
          "requires": {
            "pipeworks": "1.2.x"
          }
        },
        "pipeworks": {
          "version": "1.2.1",
          "resolved": "https://registry.npmjs.org/pipeworks/-/pipeworks-1.2.1.tgz",
          "integrity": "sha1-Wq0insaLrPoIxsA2dyLbvXFSYk8="
        }
      }
    },
    "argo-resource": {
      "version": "0.0.12",
      "resolved": "https://registry.npmjs.org/argo-resource/-/argo-resource-0.0.12.tgz",
      "integrity": "sha1-Z7I3NILr+RAm3yrcCNuyLQnym1g=",
      "requires": {
        "negotiator": "~0.2.7",
        "pipeworks": "~1.3.1"
      }
    },
    "argo-url-helper": {
      "version": "0.7.0",
      "resolved": "https://registry.npmjs.org/argo-url-helper/-/argo-url-helper-0.7.0.tgz",
      "integrity": "sha1-bNdJVfGFV0a5oEb8vXILaPRR3xk="
    },
    "argo-url-router": {
      "version": "0.0.6",
      "resolved": "https://registry.npmjs.org/argo-url-router/-/argo-url-router-0.0.6.tgz",
      "integrity": "sha1-rCD45AM5W6z5TKlPsGIeEHgjfNQ="
    },
    "async": {
      "version": "0.9.2",
      "resolved": "https://registry.npmjs.org/async/-/async-0.9.2.tgz",
      "integrity": "sha1-rqdNXmHB+JlhO/ZL2mbUx48v0X0="
    },
    "balanced-match": {
      "version": "1.0.0",
      "resolved": "https://registry.npmjs.org/balanced-match/-/balanced-match-1.0.0.tgz",
      "integrity": "sha1-ibTRmasr7kneFk6gK4nORi1xt2c="
    },
    "brace-expansion": {
      "version": "1.1.11",
      "resolved": "https://registry.npmjs.org/brace-expansion/-/brace-expansion-1.1.11.tgz",
      "integrity": "sha512-iCuPHDFgrHX7H2vEI/5xpz07zSHB00TpugqhmYtVmMO6518mCuRMoOYFldEBl0g187ufozdaHgWKcYFb61qGiA==",
      "requires": {
        "balanced-match": "^1.0.0",
        "concat-map": "0.0.1"
      }
    },
    "buffer-crc32": {
      "version": "0.2.13",
      "resolved": "https://registry.npmjs.org/buffer-crc32/-/buffer-crc32-0.2.13.tgz",
      "integrity": "sha1-DTM+PwDqxQqhRUq9MO+MKl2ackI="
    },
    "buffer-equal": {
      "version": "0.0.1",
      "resolved": "https://registry.npmjs.org/buffer-equal/-/buffer-equal-0.0.1.tgz",
      "integrity": "sha1-kbx0sR6kBbyRa8aqkI+q+ltKrEs="
    },
    "calypso": {
      "version": "1.0.0",
      "resolved": "https://registry.npmjs.org/calypso/-/calypso-1.0.0.tgz",
      "integrity": "sha1-lOjvD0KsQT17VkQdLCJUWcGlpqA=",
      "requires": {
        "caql": ">=0.1.0"
      }
    },
    "calypso-level": {
      "version": "0.5.0",
      "resolved": "https://registry.npmjs.org/calypso-level/-/calypso-level-0.5.0.tgz",
      "integrity": "sha1-H1nxSUqGdu2lBLdJ+CLRy0PnkQk=",
      "requires": {
        "caql-js-compiler": ">=0.1.0"
      }
    },
    "calypso-query-decompiler": {
      "version": "0.4.0",
      "resolved": "https://registry.npmjs.org/calypso-query-decompiler/-/calypso-query-decompiler-0.4.0.tgz",
      "integrity": "sha1-eBQtixze6E3yvo6oXLlnZokAPt8=",
      "requires": {
        "caql": "^0.2.0",
        "caql-decompiler": "^0.8.0"
      }
    },
    "caql": {
      "version": "0.2.0",
      "resolved": "https://registry.npmjs.org/caql/-/caql-0.2.0.tgz",
      "integrity": "sha1-dijG4xDwhV8f8maWdvth9ShYKfo="
    },
    "caql-decompiler": {
      "version": "0.8.0",
      "resolved": "https://registry.npmjs.org/caql-decompiler/-/caql-decompiler-0.8.0.tgz",
      "integrity": "sha1-4GSCOxbEDzp4LEl5yd0zppCxjJw=",
      "requires": {
        "caql": "^0.2.0"
      }
    },
    "caql-js-compiler": {
      "version": "0.5.0",
      "resolved": "https://registry.npmjs.org/caql-js-compiler/-/caql-js-compiler-0.5.0.tgz",
      "integrity": "sha1-zZ7xs2gEn5r6h3kV3BGDlJ5WnyA=",
      "requires": {
        "caql": "^0.2.0"
      }
    },
    "colors": {
      "version": "1.4.0",
      "resolved": "https://registry.npmjs.org/colors/-/colors-1.4.0.tgz",
      "integrity": "sha512-a+UqTh4kgZg/SlGvfbzDHpgRu7AAQOmmqRHJnxhRZICKFUT91brVhNNt58CMWU9PsBbv3PDCZUHbVxuDiH2mtA=="
    },
    "commander": {
      "version": "2.1.0",
      "resolved": "https://registry.npmjs.org/commander/-/commander-2.1.0.tgz",
      "integrity": "sha1-0SG7roYNmZKj1Re6lvVliOR8Z4E="
    },
    "concat-map": {
      "version": "0.0.1",
      "resolved": "https://registry.npmjs.org/concat-map/-/concat-map-0.0.1.tgz",
      "integrity": "sha1-2Klr13/Wjfd5OnMDajug1UBdR3s="
    },
    "core-util-is": {
      "version": "1.0.2",
      "resolved": "https://registry.npmjs.org/core-util-is/-/core-util-is-1.0.2.tgz",
      "integrity": "sha1-tf1UIgqivFq1eqtxQMlAdUUDwac="
    },
    "d": {
      "version": "1.0.1",
      "resolved": "https://registry.npmjs.org/d/-/d-1.0.1.tgz",
      "integrity": "sha512-m62ShEObQ39CfralilEQRjH6oAMtNCV1xJyEx5LpRYUVN+EviphDgUc/F3hnYbADmkiNs67Y+3ylmlG7Lnu+FA==",
      "requires": {
        "es5-ext": "^0.10.50",
        "type": "^1.0.1"
      }
    },
    "data-media-type": {
      "version": "0.1.0",
      "resolved": "https://registry.npmjs.org/data-media-type/-/data-media-type-0.1.0.tgz",
      "integrity": "sha1-R8aYipx4CIsyrriS12HP0nPLhT4="
    },
    "deferred-leveldown": {
      "version": "1.2.2",
      "resolved": "https://registry.npmjs.org/deferred-leveldown/-/deferred-leveldown-1.2.2.tgz",
      "integrity": "sha512-uukrWD2bguRtXilKt6cAWKyoXrTSMo5m7crUdLfWQmu8kIm88w3QZoUL+6nhpfKVmhHANER6Re3sKoNoZ3IKMA==",
      "requires": {
        "abstract-leveldown": "~2.6.0"
      }
    },
    "errno": {
      "version": "0.1.7",
      "resolved": "https://registry.npmjs.org/errno/-/errno-0.1.7.tgz",
      "integrity": "sha512-MfrRBDWzIWifgq6tJj60gkAwtLNb6sQPlcFrSOflcP1aFmmruKQ2wRnze/8V6kgyz7H3FF8Npzv78mZ7XLLflg==",
      "requires": {
        "prr": "~1.0.1"
      }
    },
    "es5-ext": {
      "version": "0.10.53",
      "resolved": "https://registry.npmjs.org/es5-ext/-/es5-ext-0.10.53.tgz",
      "integrity": "sha512-Xs2Stw6NiNHWypzRTY1MtaG/uJlwCk8kH81920ma8mvN8Xq1gsfhZvpkImLQArw8AHnv8MT2I45J3c0R8slE+Q==",
      "requires": {
        "es6-iterator": "~2.0.3",
        "es6-symbol": "~3.1.3",
        "next-tick": "~1.0.0"
      }
    },
    "es6-iterator": {
      "version": "2.0.3",
      "resolved": "https://registry.npmjs.org/es6-iterator/-/es6-iterator-2.0.3.tgz",
      "integrity": "sha1-p96IkUGgWpSwhUQDstCg+/qY87c=",
      "requires": {
        "d": "1",
        "es5-ext": "^0.10.35",
        "es6-symbol": "^3.1.1"
      }
    },
    "es6-map": {
      "version": "0.1.5",
      "resolved": "https://registry.npmjs.org/es6-map/-/es6-map-0.1.5.tgz",
      "integrity": "sha1-kTbgUD3MBqMBaQ8LsU/042TpSfA=",
      "requires": {
        "d": "1",
        "es5-ext": "~0.10.14",
        "es6-iterator": "~2.0.1",
        "es6-set": "~0.1.5",
        "es6-symbol": "~3.1.1",
        "event-emitter": "~0.3.5"
      }
    },
    "es6-set": {
      "version": "0.1.5",
      "resolved": "https://registry.npmjs.org/es6-set/-/es6-set-0.1.5.tgz",
      "integrity": "sha1-0rPsXU2ADO2BjbU40ol02wpzzLE=",
      "requires": {
        "d": "1",
        "es5-ext": "~0.10.14",
        "es6-iterator": "~2.0.1",
        "es6-symbol": "3.1.1",
        "event-emitter": "~0.3.5"
      },
      "dependencies": {
        "es6-symbol": {
          "version": "3.1.1",
          "resolved": "https://registry.npmjs.org/es6-symbol/-/es6-symbol-3.1.1.tgz",
          "integrity": "sha1-vwDvT9q2uhtG7Le2KbTH7VcVzHc=",
          "requires": {
            "d": "1",
            "es5-ext": "~0.10.14"
          }
        }
      }
    },
    "es6-symbol": {
      "version": "3.1.3",
      "resolved": "https://registry.npmjs.org/es6-symbol/-/es6-symbol-3.1.3.tgz",
      "integrity": "sha512-NJ6Yn3FuDinBaBRWl/q5X/s4koRHBrgKAu+yGI6JCBeiu3qrcbJhwT2GeR/EXVfylRk8dpQVJoLEFhK+Mu31NA==",
      "requires": {
        "d": "^1.0.1",
        "ext": "^1.1.2"
      }
    },
    "event-emitter": {
      "version": "0.3.5",
      "resolved": "https://registry.npmjs.org/event-emitter/-/event-emitter-0.3.5.tgz",
      "integrity": "sha1-34xp7vFkeSPHFXuc6DhAYQsCzDk=",
      "requires": {
        "d": "1",
        "es5-ext": "~0.10.14"
      }
    },
    "ext": {
      "version": "1.4.0",
      "resolved": "https://registry.npmjs.org/ext/-/ext-1.4.0.tgz",
      "integrity": "sha512-Key5NIsUxdqKg3vIsdw9dSuXpPCQ297y6wBjL30edxwPgt2E44WcWBZey/ZvUc6sERLTxKdyCu4gZFmUbk1Q7A==",
      "requires": {
        "type": "^2.0.0"
      },
      "dependencies": {
        "type": {
          "version": "2.0.0",
          "resolved": "https://registry.npmjs.org/type/-/type-2.0.0.tgz",
          "integrity": "sha512-KBt58xCHry4Cejnc2ISQAF7QY+ORngsWfxezO68+12hKV6lQY8P/psIkcbjeHWn7MqcgciWJyCCevFMJdIXpow=="
        }
      }
    },
    "hypermedia-type": {
      "version": "0.2.1",
      "resolved": "https://registry.npmjs.org/hypermedia-type/-/hypermedia-type-0.2.1.tgz",
      "integrity": "sha1-CSuAizJZdKg1gZ++NMROKQFPF90="
    },
    "inherits": {
      "version": "2.0.4",
      "resolved": "https://registry.npmjs.org/inherits/-/inherits-2.0.4.tgz",
      "integrity": "sha512-k/vGaX4/Yla3WzyMCvTQOXYeIHvqOKtnqBduzTHpzpQZzAskKMhZ2K+EnBiSM9zGSoIFeMpXKxa4dYeZIQqewQ=="
    },
    "isarray": {
      "version": "0.0.1",
      "resolved": "https://registry.npmjs.org/isarray/-/isarray-0.0.1.tgz",
      "integrity": "sha1-ihis/Kmo9Bd+Cav8YDiTmwXR7t8="
    },
    "keydir": {
      "version": "2.1.1",
      "resolved": "https://registry.npmjs.org/keydir/-/keydir-2.1.1.tgz",
      "integrity": "sha1-qYHz5/DDw3UdQ1cg5u3jvmol07c=",
      "requires": {
        "ltgt": "^1.0.2"
      }
    },
    "level-codec": {
      "version": "7.0.1",
      "resolved": "https://registry.npmjs.org/level-codec/-/level-codec-7.0.1.tgz",
      "integrity": "sha512-Ua/R9B9r3RasXdRmOtd+t9TCOEIIlts+TN/7XTT2unhDaL6sJn83S3rUyljbr6lVtw49N3/yA0HHjpV6Kzb2aQ=="
    },
    "level-errors": {
      "version": "1.0.5",
      "resolved": "https://registry.npmjs.org/level-errors/-/level-errors-1.0.5.tgz",
      "integrity": "sha512-/cLUpQduF6bNrWuAC4pwtUKA5t669pCsCi2XbmojG2tFeOr9j6ShtdDCtFFQO1DRt+EVZhx9gPzP9G2bUaG4ig==",
      "requires": {
        "errno": "~0.1.1"
      }
    },
    "level-iterator-stream": {
      "version": "1.3.1",
      "resolved": "https://registry.npmjs.org/level-iterator-stream/-/level-iterator-stream-1.3.1.tgz",
      "integrity": "sha1-5Dt4sagUPm+pek9IXrjqUwNS8u0=",
      "requires": {
        "inherits": "^2.0.1",
        "level-errors": "^1.0.3",
        "readable-stream": "^1.0.33",
        "xtend": "^4.0.0"
      }
    },
    "leveldown-open": {
      "version": "1.0.3",
      "resolved": "https://registry.npmjs.org/leveldown-open/-/leveldown-open-1.0.3.tgz",
      "integrity": "sha1-gJT771sbjFJS8yOewUUX6fhmWgI="
    },
    "levelup": {
      "version": "1.3.9",
      "resolved": "https://registry.npmjs.org/levelup/-/levelup-1.3.9.tgz",
      "integrity": "sha512-VVGHfKIlmw8w1XqpGOAGwq6sZm2WwWLmlDcULkKWQXEA5EopA8OBNJ2Ck2v6bdk8HeEZSbCSEgzXadyQFm76sQ==",
      "requires": {
        "deferred-leveldown": "~1.2.1",
        "level-codec": "~7.0.0",
        "level-errors": "~1.0.3",
        "level-iterator-stream": "~1.3.0",
        "prr": "~1.0.1",
        "semver": "~5.4.1",
        "xtend": "~4.0.0"
      }
    },
    "ltgt": {
      "version": "1.2.0",
      "resolved": "https://registry.npmjs.org/ltgt/-/ltgt-1.2.0.tgz",
      "integrity": "sha1-YXcH3DnzgpRBXmagLzwnBaxAeGY="
    },
    "medea": {
      "version": "1.0.3",
      "resolved": "https://registry.npmjs.org/medea/-/medea-1.0.3.tgz",
      "integrity": "sha1-0WNlsxXvZNbMjsyOwW22RC/1JYM=",
      "requires": {
        "append-stream": "^1.1.0",
        "async": "^0.9.0",
        "buffer-crc32": "~0.2.1",
        "buffer-equal": "0.0.1",
        "es6-map": "^0.1.1",
        "mkdirp": "^0.5.0",
        "monotonic-timestamp": "0.0.8",
        "pidlockfile": "^1.1.1",
        "rimraf": "~2.2.2",
        "run-parallel": "^1.0.0"
      }
    },
    "medeadown": {
      "version": "1.1.9",
      "resolved": "https://registry.npmjs.org/medeadown/-/medeadown-1.1.9.tgz",
      "integrity": "sha512-uSnGsowo7snXPc+Fbu6upf401mQN45Ob8K2yZcEa9q9qJupVyqsiOn7pwmGi6t05GezS3SL2Psf4qOGd6pBOzA==",
      "requires": {
        "abstract-leveldown": "3.0.x",
        "keydir": "^2.1.1",
        "leveldown-open": "^1.0.3",
        "medea": "^1.0.3"
      },
      "dependencies": {
        "abstract-leveldown": {
          "version": "3.0.0",
          "resolved": "https://registry.npmjs.org/abstract-leveldown/-/abstract-leveldown-3.0.0.tgz",
          "integrity": "sha512-KUWx9UWGQD12zsmLNj64/pndaz4iJh/Pj7nopgkfDG6RlCcbMZvT6+9l7dchK4idog2Is8VdC/PvNbFuFmalIQ==",
          "requires": {
            "xtend": "~4.0.0"
          }
        }
      }
    },
    "methods": {
      "version": "0.1.0",
      "resolved": "https://registry.npmjs.org/methods/-/methods-0.1.0.tgz",
      "integrity": "sha1-M11Cnu/SG3us8unJIqjSvRSjDk8="
    },
    "minimatch-with-regex": {
      "version": "3.1.0",
      "resolved": "https://registry.npmjs.org/minimatch-with-regex/-/minimatch-with-regex-3.1.0.tgz",
      "integrity": "sha1-4xI1Bko6eUvtr0YF/Fw5050AUNU=",
      "requires": {
        "brace-expansion": "^1.0.0"
      }
    },
    "minimist": {
      "version": "0.0.8",
      "resolved": "https://registry.npmjs.org/minimist/-/minimist-0.0.8.tgz",
      "integrity": "sha1-hX/Kv8M5fSYluCKCYuhqp6ARsF0="
    },
    "mkdirp": {
      "version": "0.5.1",
      "resolved": "https://registry.npmjs.org/mkdirp/-/mkdirp-0.5.1.tgz",
      "integrity": "sha1-MAV0OOrGz3+MR2fzhkjWaX11yQM=",
      "requires": {
        "minimist": "0.0.8"
      }
    },
    "moment": {
      "version": "2.3.1",
      "resolved": "https://registry.npmjs.org/moment/-/moment-2.3.1.tgz",
      "integrity": "sha1-2nPXD2Jla7W36vA4f3k79hITEuM="
    },
    "monotonic-timestamp": {
      "version": "0.0.8",
      "resolved": "https://registry.npmjs.org/monotonic-timestamp/-/monotonic-timestamp-0.0.8.tgz",
      "integrity": "sha1-Z5h9AqQcFfVotsCgWIWYndJAK6A="
    },
    "nan": {
      "version": "1.4.3",
      "resolved": "https://registry.npmjs.org/nan/-/nan-1.4.3.tgz",
      "integrity": "sha1-xWtUBGmAY2lvWXQ1+RY8MSrqUAk="
    },
    "negotiator": {
      "version": "0.2.8",
      "resolved": "https://registry.npmjs.org/negotiator/-/negotiator-0.2.8.tgz",
      "integrity": "sha1-rf0gejh1xNNwlXKcLnwoPFui7nI="
    },
    "next-tick": {
      "version": "1.0.0",
      "resolved": "https://registry.npmjs.org/next-tick/-/next-tick-1.0.0.tgz",
      "integrity": "sha1-yobR/ogoFpsBICCOPchCS524NCw="
    },
    "options": {
      "version": "0.0.6",
      "resolved": "https://registry.npmjs.org/options/-/options-0.0.6.tgz",
      "integrity": "sha1-7CLTEoBrtT5zF3Pnza788cZDEo8="
    },
    "pidlockfile": {
      "version": "1.1.1",
      "resolved": "https://registry.npmjs.org/pidlockfile/-/pidlockfile-1.1.1.tgz",
      "integrity": "sha1-1nMS+zJt7rReVBmkfBQYd708yYw="
    },
    "pipeworks": {
      "version": "1.3.1",
      "resolved": "https://registry.npmjs.org/pipeworks/-/pipeworks-1.3.1.tgz",
      "integrity": "sha1-+ENvhWXtHZe/OoBjKlOXv9NTOF8="
    },
    "prr": {
      "version": "1.0.1",
      "resolved": "https://registry.npmjs.org/prr/-/prr-1.0.1.tgz",
      "integrity": "sha1-0/wRS6BplaRexok/SEzrHXj19HY="
    },
    "readable-stream": {
      "version": "1.1.14",
      "resolved": "https://registry.npmjs.org/readable-stream/-/readable-stream-1.1.14.tgz",
      "integrity": "sha1-fPTFTvZI44EwhMY23SB54WbAgdk=",
      "requires": {
        "core-util-is": "~1.0.0",
        "inherits": "~2.0.1",
        "isarray": "0.0.1",
        "string_decoder": "~0.10.x"
      }
    },
    "revolt": {
      "version": "0.9.0",
      "resolved": "https://registry.npmjs.org/revolt/-/revolt-0.9.0.tgz",
      "integrity": "sha1-xEygBjHdUrLkt/uXvQfW+RUTt44=",
      "requires": {
        "rx": "^2.3.18",
        "rx-node": "^1.0.0",
        "ws": "^0.5.0"
      },
      "dependencies": {
        "rx": {
          "version": "2.5.3",
          "resolved": "https://registry.npmjs.org/rx/-/rx-2.5.3.tgz",
          "integrity": "sha1-Ia3H2A8CACr1Da6X/Z2/JIdV9WY="
        },
        "ws": {
          "version": "0.5.0",
          "resolved": "https://registry.npmjs.org/ws/-/ws-0.5.0.tgz",
          "integrity": "sha1-s5gDkdxHd9g5dHGKo2HoCNhs+co=",
          "requires": {
            "nan": "1.4.x",
            "options": ">=0.0.5",
            "ultron": "1.0.x"
          }
        }
      }
    },
    "rimraf": {
      "version": "2.2.8",
      "resolved": "https://registry.npmjs.org/rimraf/-/rimraf-2.2.8.tgz",
      "integrity": "sha1-5Dm+Kq7jJzIZUnMPmaiSnk/FBYI="
    },
    "run-parallel": {
      "version": "1.1.9",
      "resolved": "https://registry.npmjs.org/run-parallel/-/run-parallel-1.1.9.tgz",
      "integrity": "sha512-DEqnSRTDw/Tc3FXf49zedI638Z9onwUotBMiUFKmrO2sdFKIbXamXGQ3Axd4qgphxKB4kw/qP1w5kTxnfU1B9Q=="
    },
    "rx": {
      "version": "4.1.0",
      "resolved": "https://registry.npmjs.org/rx/-/rx-4.1.0.tgz",
      "integrity": "sha1-pfE/957zt0D+MKqAP7CfmIBdR4I="
    },
    "rx-node": {
      "version": "1.0.2",
      "resolved": "https://registry.npmjs.org/rx-node/-/rx-node-1.0.2.tgz",
      "integrity": "sha1-FRJAclp56Fc2CrBsxiZ5mWXglN4=",
      "requires": {
        "rx": "*"
      }
    },
    "semver": {
      "version": "5.4.1",
      "resolved": "https://registry.npmjs.org/semver/-/semver-5.4.1.tgz",
      "integrity": "sha512-WfG/X9+oATh81XtllIo/I8gOiY9EXRdv1cQdyykeXK17YcUW3EXUAi2To4pcH6nZtJPr7ZOpM5OMyWJZm+8Rsg=="
    },
    "spdy": {
      "version": "1.32.5",
      "resolved": "https://registry.npmjs.org/spdy/-/spdy-1.32.5.tgz",
      "integrity": "sha1-cO/yPN5Ol9UqRF9lr93MVpXrXts="
    },
    "strftime": {
      "version": "0.10.0",
      "resolved": "https://registry.npmjs.org/strftime/-/strftime-0.10.0.tgz",
      "integrity": "sha1-s/D6QZKVICpaKJ9ta+n0kJphcZM="
    },
    "string_decoder": {
      "version": "0.10.31",
      "resolved": "https://registry.npmjs.org/string_decoder/-/string_decoder-0.10.31.tgz",
      "integrity": "sha1-YuIDvEF2bGwoyfyEMB2rHFMQ+pQ="
    },
    "tinycolor": {
      "version": "0.0.1",
      "resolved": "https://registry.npmjs.org/tinycolor/-/tinycolor-0.0.1.tgz",
      "integrity": "sha1-MgtaUtg6u1l42Bo+iH1K77FaYWQ="
    },
    "titan": {
      "version": "1.2.0",
      "resolved": "https://registry.npmjs.org/titan/-/titan-1.2.0.tgz",
      "integrity": "sha1-4XFmN3Q0e+9gIEJ3nLyfZPJmM0M=",
      "requires": {
        "argo": ">=0.4.1",
        "argo-clf": ">=0.0.3",
        "argo-formatter": ">=0.0.0",
        "argo-gzip": ">=0.2.0",
        "argo-resource": ">=0.0.7",
        "argo-url-helper": ">=0.5.0",
        "argo-url-router": ">=0.0.4"
      }
    },
    "type": {
      "version": "1.2.0",
      "resolved": "https://registry.npmjs.org/type/-/type-1.2.0.tgz",
      "integrity": "sha512-+5nt5AAniqsCnu2cEQQdpzCAh33kVx8n0VoFidKpB1dVVLAN/F+bgVOqOJqOnEnrhp222clB5p3vUlD+1QAnfg=="
    },
    "ultron": {
      "version": "1.0.2",
      "resolved": "https://registry.npmjs.org/ultron/-/ultron-1.0.2.tgz",
      "integrity": "sha1-rOEWq1V80Zc4ak6I9GhTeMiy5Po="
    },
    "uuid": {
      "version": "3.4.0",
      "resolved": "https://registry.npmjs.org/uuid/-/uuid-3.4.0.tgz",
      "integrity": "sha512-HjSDRw6gZE5JMggctHBcjVak08+KEVhSIiDzFnT9S9aegmp85S/bReBVTb4QTFaRNptJ9kuYaNhnbNEOkbKb/A=="
    },
    "ws": {
      "version": "0.4.32",
      "resolved": "https://registry.npmjs.org/ws/-/ws-0.4.32.tgz",
      "integrity": "sha1-eHphVEFPPJntg8V3IVOyD+sM7DI=",
      "requires": {
        "commander": "~2.1.0",
        "nan": "~1.0.0",
        "options": ">=0.0.5",
        "tinycolor": "0.x"
      },
      "dependencies": {
        "nan": {
          "version": "1.0.0",
          "resolved": "https://registry.npmjs.org/nan/-/nan-1.0.0.tgz",
          "integrity": "sha1-riT4hQgY1mL8q1rPfzuVv6oszzg="
        }
      }
    },
    "xtend": {
      "version": "4.0.2",
      "resolved": "https://registry.npmjs.org/xtend/-/xtend-4.0.2.tgz",
      "integrity": "sha512-LKYU1iAXJXUgAXn9URjiu+MWhyUXHsvfp7mcuYm9dSUKK0/CjtrUwFAxD82/mCWbtLsGjFIad0wIsod4zrTAEQ=="
    },
    "zetta": {
      "version": "1.5.1",
      "resolved": "https://registry.npmjs.org/zetta/-/zetta-1.5.1.tgz",
      "integrity": "sha1-2u9mefKnISXKTj/mlsHXCHUItnk=",
      "requires": {
        "api-media-type": "^0.1.0",
        "argo": "^1.0.0",
        "argo-formatter-siren": "0.0.0",
        "async": "^0.9.0",
        "calypso": "^1.0.0",
        "calypso-level": "^0.5.0",
        "calypso-query-decompiler": "^0.4.0",
        "caql-js-compiler": "^0.5.0",
        "colors": "^1.1.2",
        "levelup": "^1.3.5",
        "medea": "^1.0.0",
        "medeadown": "^1.1.8",
        "revolt": "^0.9.0",
        "rx": "^4.1.0",
        "spdy": "^1.32.0",
        "strftime": "^0.10.0",
        "titan": "^1.1.0",
        "uuid": "^3.0.1",
        "ws": "^0.4.31",
        "zetta-auto-scout": "^1.0.0",
        "zetta-device": "^1.0.0",
        "zetta-events-stream-protocol": "^5.0.0",
        "zetta-http-device": "^1.0.0",
        "zetta-rels": "^1.0.0",
        "zetta-scientist": "^1.0.0",
        "zetta-scout": "^1.0.0",
        "zetta-streams": "^1.0.0"
      }
    },
    "zetta-auto-scout": {
      "version": "1.0.0",
      "resolved": "https://registry.npmjs.org/zetta-auto-scout/-/zetta-auto-scout-1.0.0.tgz",
      "integrity": "sha1-02q0fldEbK5BANgyl6v8GBy7bVg=",
      "requires": {
        "zetta-scout": "^1.0.0"
      }
    },
    "zetta-device": {
      "version": "1.0.0",
      "resolved": "https://registry.npmjs.org/zetta-device/-/zetta-device-1.0.0.tgz",
      "integrity": "sha1-N9EVziXqaTM40OQXX58MMbEBOyc=",
      "requires": {
        "uuid": "^3.0.0",
        "zetta-streams": "^1.0.0"
      }
    },
    "zetta-events-stream-protocol": {
      "version": "5.0.0",
      "resolved": "https://registry.npmjs.org/zetta-events-stream-protocol/-/zetta-events-stream-protocol-5.0.0.tgz",
      "integrity": "sha1-LlJldHkygm3ET4J19I0TqsIfZiw=",
      "requires": {
        "minimatch-with-regex": "^3.0.0"
      }
    },
    "zetta-http-device": {
      "version": "1.0.0",
      "resolved": "https://registry.npmjs.org/zetta-http-device/-/zetta-http-device-1.0.0.tgz",
      "integrity": "sha1-mi1OCANfnpI/wknlJtBYS+UIcZY=",
      "requires": {
        "zetta-device": "^1.0.0"
      }
    },
    "zetta-rels": {
      "version": "1.0.0",
      "resolved": "https://registry.npmjs.org/zetta-rels/-/zetta-rels-1.0.0.tgz",
      "integrity": "sha1-RrY6b8gxVLF0ye0+jFowVz9RJD4="
    },
    "zetta-scientist": {
      "version": "1.0.0",
      "resolved": "https://registry.npmjs.org/zetta-scientist/-/zetta-scientist-1.0.0.tgz",
      "integrity": "sha1-xXSanc2nlwKO5zMiDkZr161RT0U="
    },
    "zetta-scout": {
      "version": "1.0.0",
      "resolved": "https://registry.npmjs.org/zetta-scout/-/zetta-scout-1.0.0.tgz",
      "integrity": "sha1-axoYTeEkbb4bg00IEe0KOwy3jdE=",
      "requires": {
        "zetta-scientist": "^1.0.0"
      }
    },
    "zetta-streams": {
      "version": "1.0.0",
      "resolved": "https://registry.npmjs.org/zetta-streams/-/zetta-streams-1.0.0.tgz",
      "integrity": "sha1-d7H59hDAc6FvbEP6aRi2HOEkRPc="
    }
  }
}
